
Microsoft Visual Studio Solution File, Format Version 12.00
# Visual Studio Version 16
VisualStudioVersion = 16.0.30204.135
MinimumVisualStudioVersion = 10.0.40219.1
Project("{9A19103F-16F7-4668-BE54-9A1E7A4F7556}") = "GeoApiReport.App", "GeoApiReport.App\GeoApiReport.App.csproj", "{07263E4A-DF04-4CFF-9539-E20F750C6A5E}"
EndProject
Project("{9A19103F-16F7-4668-BE54-9A1E7A4F7556}") = "GeoApiReport.Tests", "GeoApiReport.Tests\GeoApiReport.Tests.csproj", "{E611A99E-1527-4561-9989-830DB9674216}"
EndProject
Project("{FAE04EC0-301F-11D3-BF4B-00C04F79EFBC}") = "GeoApiReport.Core", "GeoApiReport.Core\GeoApiReport.Core.csproj", "{ED162F22-337C-4FD8-ABCC-B93F52498913}"
EndProject
Global
	GlobalSection(SolutionConfigurationPlatforms) = preSolution
		Debug|Any CPU = Debug|Any CPU
		Release|Any CPU = Release|Any CPU
	EndGlobalSection
	GlobalSection(ProjectConfigurationPlatforms) = postSolution
		{07263E4A-DF04-4CFF-9539-E20F750C6A5E}.Debug|Any CPU.ActiveCfg = Debug|Any CPU
		{07263E4A-DF04-4CFF-9539-E20F750C6A5E}.Debug|Any CPU.Build.0 = Debug|Any CPU
		{07263E4A-DF04-4CFF-9539-E20F750C6A5E}.Release|Any CPU.ActiveCfg = Release|Any CPU
		{07263E4A-DF04-4CFF-9539-E20F750C6A5E}.Release|Any CPU.Build.0 = Release|Any CPU
		{E611A99E-1527-4561-9989-830DB9674216}.Debug|Any CPU.ActiveCfg = Debug|Any CPU
		{E611A99E-1527-4561-9989-830DB9674216}.Debug|Any CPU.Build.0 = Debug|Any CPU
		{E611A99E-1527-4561-9989-830DB9674216}.Release|Any CPU.ActiveCfg = Release|Any CPU
		{E611A99E-1527-4561-9989-830DB9674216}.Release|Any CPU.Build.0 = Release|Any CPU
		{ED162F22-337C-4FD8-ABCC-B93F52498913}.Debug|Any CPU.ActiveCfg = Debug|Any CPU
		{ED162F22-337C-4FD8-ABCC-B93F52498913}.Debug|Any CPU.Build.0 = Debug|Any CPU
		{ED162F22-337C-4FD8-ABCC-B93F52498913}.Release|Any CPU.ActiveCfg = Release|Any CPU
		{ED162F22-337C-4FD8-ABCC-B93F52498913}.Release|Any CPU.Build.0 = Release|Any CPU
	EndGlobalSection
	GlobalSection(SolutionProperties) = preSolution
		HideSolutionNode = FALSE
	EndGlobalSection
	GlobalSection(ExtensibilityGlobals) = postSolution
		SolutionGuid = {5215C89C-2A4C-4BAB-A2CA-76AC2FFE3FB7}
	EndGlobalSection
EndGlobal
